
Microsoft Visual Studio Solution File, Format Version 12.00
# Visual Studio Version 16
VisualStudioVersion = 16.0.29709.97
MinimumVisualStudioVersion = 12.0
Project("{2150E333-8FDC-42A3-9474-1A3956D46DE8}") = "Driver", "Driver", "{3B268182-F450-4AB8-B350-A2CF6495F756}"
EndProject
Project("{2150E333-8FDC-42A3-9474-1A3956D46DE8}") = "Exe", "Exe", "{52ABC41E-9AAA-4DA8-8986-F6298E32C8A3}"
EndProject
Project("{8BC9CEB8-8B4A-11D0-8D11-00A0C91BC942}") = "osrusbfx2um", "driver\osrusbfx2um.vcxproj", "{5B711254-3F53-4E1D-A1AD-CC81E34588B7}"
EndProject
Project("{8BC9CEB8-8B4A-11D0-8D11-00A0C91BC942}") = "osrusbfx2", "exe\osrusbfx2.vcxproj", "{6EED5CDD-5526-40DC-97F9-582857E10187}"
EndProject
Project("{8BC9CEB8-8B4A-11D0-8D11-00A0C91BC942}") = "ConfigApp", "ConfigApp\ConfigApp.vcxproj", "{F48B55F1-358E-470B-87EF-F756C23D4787}"
EndProject
Project("{8BC9CEB8-8B4A-11D0-8D11-00A0C91BC942}") = "DriverInstall", "DriverInstall\DriverInstall.vcxproj", "{B981EE4C-D0E2-47D9-B4BA-E93FBD0BD393}"
EndProject
Global
	GlobalSection(SolutionConfigurationPlatforms) = preSolution
		Debug|ARM = Debug|ARM
		Debug|ARM64 = Debug|ARM64
		Debug|Win32 = Debug|Win32
		Debug|x64 = Debug|x64
		Release|ARM = Release|ARM
		Release|ARM64 = Release|ARM64
		Release|Win32 = Release|Win32
		Release|x64 = Release|x64
	EndGlobalSection
	GlobalSection(ProjectConfigurationPlatforms) = postSolution
		{5B711254-3F53-4E1D-A1AD-CC81E34588B7}.Debug|ARM.ActiveCfg = Debug|Win32
		{5B711254-3F53-4E1D-A1AD-CC81E34588B7}.Debug|ARM64.ActiveCfg = Debug|Win32
		{5B711254-3F53-4E1D-A1AD-CC81E34588B7}.Debug|Win32.ActiveCfg = Debug|Win32
		{5B711254-3F53-4E1D-A1AD-CC81E34588B7}.Debug|Win32.Build.0 = Debug|Win32
		{5B711254-3F53-4E1D-A1AD-CC81E34588B7}.Debug|x64.ActiveCfg = Debug|x64
		{5B711254-3F53-4E1D-A1AD-CC81E34588B7}.Debug|x64.Build.0 = Debug|x64
		{5B711254-3F53-4E1D-A1AD-CC81E34588B7}.Release|ARM.ActiveCfg = Release|Win32
		{5B711254-3F53-4E1D-A1AD-CC81E34588B7}.Release|ARM64.ActiveCfg = Release|Win32
		{5B711254-3F53-4E1D-A1AD-CC81E34588B7}.Release|Win32.ActiveCfg = Release|Win32
		{5B711254-3F53-4E1D-A1AD-CC81E34588B7}.Release|Win32.Build.0 = Release|Win32
		{5B711254-3F53-4E1D-A1AD-CC81E34588B7}.Release|x64.ActiveCfg = Release|x64
		{5B711254-3F53-4E1D-A1AD-CC81E34588B7}.Release|x64.Build.0 = Release|x64
		{6EED5CDD-5526-40DC-97F9-582857E10187}.Debug|ARM.ActiveCfg = Debug|Win32
		{6EED5CDD-5526-40DC-97F9-582857E10187}.Debug|ARM64.ActiveCfg = Debug|Win32
		{6EED5CDD-5526-40DC-97F9-582857E10187}.Debug|Win32.ActiveCfg = Debug|Win32
		{6EED5CDD-5526-40DC-97F9-582857E10187}.Debug|Win32.Build.0 = Debug|Win32
		{6EED5CDD-5526-40DC-97F9-582857E10187}.Debug|x64.ActiveCfg = Debug|x64
		{6EED5CDD-5526-40DC-97F9-582857E10187}.Debug|x64.Build.0 = Debug|x64
		{6EED5CDD-5526-40DC-97F9-582857E10187}.Release|ARM.ActiveCfg = Release|Win32
		{6EED5CDD-5526-40DC-97F9-582857E10187}.Release|ARM64.ActiveCfg = Release|Win32
		{6EED5CDD-5526-40DC-97F9-582857E10187}.Release|Win32.ActiveCfg = Release|Win32
		{6EED5CDD-5526-40DC-97F9-582857E10187}.Release|Win32.Build.0 = Release|Win32
		{6EED5CDD-5526-40DC-97F9-582857E10187}.Release|x64.ActiveCfg = Release|x64
		{6EED5CDD-5526-40DC-97F9-582857E10187}.Release|x64.Build.0 = Release|x64
		{F48B55F1-358E-470B-87EF-F756C23D4787}.Debug|ARM.ActiveCfg = Debug|Win32
		{F48B55F1-358E-470B-87EF-F756C23D4787}.Debug|ARM64.ActiveCfg = Debug|Win32
		{F48B55F1-358E-470B-87EF-F756C23D4787}.Debug|Win32.ActiveCfg = Debug|Win32
		{F48B55F1-358E-470B-87EF-F756C23D4787}.Debug|Win32.Build.0 = Debug|Win32
		{F48B55F1-358E-470B-87EF-F756C23D4787}.Debug|x64.ActiveCfg = Debug|x64
		{F48B55F1-358E-470B-87EF-F756C23D4787}.Debug|x64.Build.0 = Debug|x64
		{F48B55F1-358E-470B-87EF-F756C23D4787}.Release|ARM.ActiveCfg = Release|Win32
		{F48B55F1-358E-470B-87EF-F756C23D4787}.Release|ARM64.ActiveCfg = Release|Win32
		{F48B55F1-358E-470B-87EF-F756C23D4787}.Release|Win32.ActiveCfg = Release|Win32
		{F48B55F1-358E-470B-87EF-F756C23D4787}.Release|Win32.Build.0 = Release|Win32
		{F48B55F1-358E-470B-87EF-F756C23D4787}.Release|x64.ActiveCfg = Release|x64
		{F48B55F1-358E-470B-87EF-F756C23D4787}.Release|x64.Build.0 = Release|x64
		{B981EE4C-D0E2-47D9-B4BA-E93FBD0BD393}.Debug|ARM.ActiveCfg = Debug|ARM
		{B981EE4C-D0E2-47D9-B4BA-E93FBD0BD393}.Debug|ARM.Build.0 = Debug|ARM
		{B981EE4C-D0E2-47D9-B4BA-E93FBD0BD393}.Debug|ARM.Deploy.0 = Debug|ARM
		{B981EE4C-D0E2-47D9-B4BA-E93FBD0BD393}.Debug|ARM64.ActiveCfg = Debug|ARM64
		{B981EE4C-D0E2-47D9-B4BA-E93FBD0BD393}.Debug|ARM64.Build.0 = Debug|ARM64
		{B981EE4C-D0E2-47D9-B4BA-E93FBD0BD393}.Debug|ARM64.Deploy.0 = Debug|ARM64
		{B981EE4C-D0E2-47D9-B4BA-E93FBD0BD393}.Debug|Win32.ActiveCfg = Debug|Win32
		{B981EE4C-D0E2-47D9-B4BA-E93FBD0BD393}.Debug|Win32.Build.0 = Debug|Win32
		{B981EE4C-D0E2-47D9-B4BA-E93FBD0BD393}.Debug|Win32.Deploy.0 = Debug|Win32
		{B981EE4C-D0E2-47D9-B4BA-E93FBD0BD393}.Debug|x64.ActiveCfg = Debug|x64
		{B981EE4C-D0E2-47D9-B4BA-E93FBD0BD393}.Debug|x64.Build.0 = Debug|x64
		{B981EE4C-D0E2-47D9-B4BA-E93FBD0BD393}.Debug|x64.Deploy.0 = Debug|x64
		{B981EE4C-D0E2-47D9-B4BA-E93FBD0BD393}.Release|ARM.ActiveCfg = Release|ARM
		{B981EE4C-D0E2-47D9-B4BA-E93FBD0BD393}.Release|ARM.Build.0 = Release|ARM
		{B981EE4C-D0E2-47D9-B4BA-E93FBD0BD393}.Release|ARM.Deploy.0 = Release|ARM
		{B981EE4C-D0E2-47D9-B4BA-E93FBD0BD393}.Release|ARM64.ActiveCfg = Release|ARM64
		{B981EE4C-D0E2-47D9-B4BA-E93FBD0BD393}.Release|ARM64.Build.0 = Release|ARM64
		{B981EE4C-D0E2-47D9-B4BA-E93FBD0BD393}.Release|ARM64.Deploy.0 = Release|ARM64
		{B981EE4C-D0E2-47D9-B4BA-E93FBD0BD393}.Release|Win32.ActiveCfg = Release|Win32
		{B981EE4C-D0E2-47D9-B4BA-E93FBD0BD393}.Release|Win32.Build.0 = Release|Win32
		{B981EE4C-D0E2-47D9-B4BA-E93FBD0BD393}.Release|Win32.Deploy.0 = Release|Win32
		{B981EE4C-D0E2-47D9-B4BA-E93FBD0BD393}.Release|x64.ActiveCfg = Release|x64
		{B981EE4C-D0E2-47D9-B4BA-E93FBD0BD393}.Release|x64.Build.0 = Release|x64
		{B981EE4C-D0E2-47D9-B4BA-E93FBD0BD393}.Release|x64.Deploy.0 = Release|x64
	EndGlobalSection
	GlobalSection(SolutionProperties) = preSolution
		HideSolutionNode = FALSE
	EndGlobalSection
	GlobalSection(NestedProjects) = preSolution
		{5B711254-3F53-4E1D-A1AD-CC81E34588B7} = {3B268182-F450-4AB8-B350-A2CF6495F756}
		{6EED5CDD-5526-40DC-97F9-582857E10187} = {52ABC41E-9AAA-4DA8-8986-F6298E32C8A3}
	EndGlobalSection
	GlobalSection(ExtensibilityGlobals) = postSolution
		SolutionGuid = {1128B06B-8813-4FC6-B91A-4BE384B8D0F3}
	EndGlobalSection
EndGlobal
